
Microsoft Visual Studio Solution File, Format Version 12.00
# Visual Studio Version 17
VisualStudioVersion = 17.2.32526.322
MinimumVisualStudioVersion = 10.0.40219.1
Project("{FAE04EC0-301F-11D3-BF4B-00C04F79EFBC}") = "Crypto", "Crypto\Crypto.csproj", "{6433F2AD-2C94-47AE-B1C8-7249D7D73D05}"
EndProject
Global
	GlobalSection(SolutionConfigurationPlatforms) = preSolution
		Debug|Any CPU = Debug|Any CPU
		Release|Any CPU = Release|Any CPU
	EndGlobalSection
	GlobalSection(ProjectConfigurationPlatforms) = postSolution
		{6433F2AD-2C94-47AE-B1C8-7249D7D73D05}.Debug|Any CPU.ActiveCfg = Debug|Any CPU
		{6433F2AD-2C94-47AE-B1C8-7249D7D73D05}.Debug|Any CPU.Build.0 = Debug|Any CPU
		{6433F2AD-2C94-47AE-B1C8-7249D7D73D05}.Release|Any CPU.ActiveCfg = Release|Any CPU
		{6433F2AD-2C94-47AE-B1C8-7249D7D73D05}.Release|Any CPU.Build.0 = Release|Any CPU
	EndGlobalSection
	GlobalSection(SolutionProperties) = preSolution
		HideSolutionNode = FALSE
	EndGlobalSection
	GlobalSection(ExtensibilityGlobals) = postSolution
		SolutionGuid = {57A21813-4BE1-4F23-B58B-ADDDCF4063B2}
	EndGlobalSection
EndGlobal
